// !$*UTF8*$!
{
	archiveVersion = 1;
	classes = {
	};
	objectVersion = 50;
	objects = {

/* Begin PBXBuildFile section */
		C034EB72243F6C9400DAD038 /* AppDelegate.swift in Sources */ = {isa = PBXBuildFile; fileRef = C034EB71243F6C9400DAD038 /* AppDelegate.swift */; };
		C034EB76243F6C9400DAD038 /* ViewController.swift in Sources */ = {isa = PBXBuildFile; fileRef = C034EB75243F6C9400DAD038 /* ViewController.swift */; };
		C034EB79243F6C9400DAD038 /* Main.storyboard in Resources */ = {isa = PBXBuildFile; fileRef = C034EB77243F6C9400DAD038 /* Main.storyboard */; };
		C034EB7B243F6C9700DAD038 /* Assets.xcassets in Resources */ = {isa = PBXBuildFile; fileRef = C034EB7A243F6C9700DAD038 /* Assets.xcassets */; };
		C034EB7E243F6C9700DAD038 /* LaunchScreen.storyboard in Resources */ = {isa = PBXBuildFile; fileRef = C034EB7C243F6C9700DAD038 /* LaunchScreen.storyboard */; };
		C034EB86243F71C800DAD038 /* FileWriter.swift in Sources */ = {isa = PBXBuildFile; fileRef = C034EB85243F71C800DAD038 /* FileWriter.swift */; };
/* End PBXBuildFile section */

/* Begin PBXFileReference section */
		C034EB6E243F6C9400DAD038 /* LocationBackgroundRefresh.app */ = {isa = PBXFileReference; explicitFileType = wrapper.application; includeInIndex = 0; path = LocationBackgroundRefresh.app; sourceTree = BUILT_PRODUCTS_DIR; };
		C034EB71243F6C9400DAD038 /* AppDelegate.swift */ = {isa = PBXFileReference; lastKnownFileType = sourcecode.swift; path = AppDelegate.swift; sourceTree = "<group>"; };
		C034EB75243F6C9400DAD038 /* ViewController.swift */ = {isa = PBXFileReference; lastKnownFileType = sourcecode.swift; path = ViewController.swift; sourceTree = "<group>"; };
		C034EB78243F6C9400DAD038 /* Base */ = {isa = PBXFileReference; lastKnownFileType = file.storyboard; name = Base; path = Base.lproj/Main.storyboard; sourceTree = "<group>"; };
		C034EB7A243F6C9700DAD038 /* Assets.xcassets */ = {isa = PBXFileReference; lastKnownFileType = folder.assetcatalog; path = Assets.xcassets; sourceTree = "<group>"; };
		C034EB7D243F6C9700DAD038 /* Base */ = {isa = PBXFileReference; lastKnownFileType = file.storyboard; name = Base; path = Base.lproj/LaunchScreen.storyboard; sourceTree = "<group>"; };
		C034EB7F243F6C9700DAD038 /* Info.plist */ = {isa = PBXFileReference; lastKnownFileType = text.plist.xml; path = Info.plist; sourceTree = "<group>"; };
		C034EB85243F71C800DAD038 /* FileWriter.swift */ = {isa = PBXFileReference; lastKnownFileType = sourcecode.swift; path = FileWriter.swift; sourceTree = "<group>"; };
/* End PBXFileReference section */

/* Begin PBXFrameworksBuildPhase section */
		C034EB6B243F6C9400DAD038 /* Frameworks */ = {
			isa = PBXFrameworksBuildPhase;
			buildActionMask = 2147483647;
			files = (
			);
			runOnlyForDeploymentPostprocessing = 0;
		};
/* End PBXFrameworksBuildPhase section */

/* Begin PBXGroup section */
		C034EB65243F6C9400DAD038 = {
			isa = PBXGroup;
			children = (
				C034EB70243F6C9400DAD038 /* LocationBackgroundRefresh */,
				C034EB6F243F6C9400DAD038 /* Products */,
			);
			sourceTree = "<group>";
		};
		C034EB6F243F6C9400DAD038 /* Products */ = {
			isa = PBXGroup;
			children = (
				C034EB6E243F6C9400DAD038 /* LocationBackgroundRefresh.app */,
			);
			name = Products;
			sourceTree = "<group>";
		};
		C034EB70243F6C9400DAD038 /* LocationBackgroundRefresh */ = {
			isa = PBXGroup;
			children = (
				C034EB71243F6C9400DAD038 /* AppDelegate.swift */,
				C034EB75243F6C9400DAD038 /* ViewController.swift */,
				C034EB77243F6C9400DAD038 /* Main.storyboard */,
				C034EB7A243F6C9700DAD038 /* Assets.xcassets */,
				C034EB7C243F6C9700DAD038 /* LaunchScreen.storyboard */,
				C034EB7F243F6C9700DAD038 /* Info.plist */,
				C034EB85243F71C800DAD038 /* FileWriter.swift */,
			);
			path = LocationBackgroundRefresh;
			sourceTree = "<group>";
		};
/* End PBXGroup section */

/* Begin PBXNativeTarget section */
		C034EB6D243F6C9400DAD038 /* LocationBackgroundRefresh */ = {
			isa = PBXNativeTarget;
			buildConfigurationList = C034EB82243F6C9700DAD038 /* Build configuration list for PBXNativeTarget "LocationBackgroundRefresh" */;
			buildPhases = (
				C034EB6A243F6C9400DAD038 /* Sources */,
				C034EB6B243F6C9400DAD038 /* Frameworks */,
				C034EB6C243F6C9400DAD038 /* Resources */,
			);
			buildRules = (
			);
			dependencies = (
			);
			name = LocationBackgroundRefresh;
			productName = LocationBackgroundRefresh;
			productReference = C034EB6E243F6C9400DAD038 /* LocationBackgroundRefresh.app */;
			productType = "com.apple.product-type.application";
		};
/* End PBXNativeTarget section */

/* Begin PBXProject section */
		C034EB66243F6C9400DAD038 /* Project object */ = {
			isa = PBXProject;
			attributes = {
				LastSwiftUpdateCheck = 1140;
				LastUpgradeCheck = 1140;
				ORGANIZATIONNAME = Prakhar;
				TargetAttributes = {
					C034EB6D243F6C9400DAD038 = {
						CreatedOnToolsVersion = 11.4;
					};
				};
			};
			buildConfigurationList = C034EB69243F6C9400DAD038 /* Build configuration list for PBXProject "LocationBackgroundRefresh" */;
			compatibilityVersion = "Xcode 9.3";
			developmentRegion = en;
			hasScannedForEncodings = 0;
			knownRegions = (
				en,
				Base,
			);
			mainGroup = C034EB65243F6C9400DAD038;
			productRefGroup = C034EB6F243F6C9400DAD038 /* Products */;
			projectDirPath = "";
			projectRoot = "";
			targets = (
				C034EB6D243F6C9400DAD038 /* LocationBackgroundRefresh */,
			);
		};
/* End PBXProject section */

/* Begin PBXResourcesBuildPhase section */
		C034EB6C243F6C9400DAD038 /* Resources */ = {
			isa = PBXResourcesBuildPhase;
			buildActionMask = 2147483647;
			files = (
				C034EB7E243F6C9700DAD038 /* LaunchScreen.storyboard in Resources */,
				C034EB7B243F6C9700DAD038 /* Assets.xcassets in Resources */,
				C034EB79243F6C9400DAD038 /* Main.storyboard in Resources */,
			);
			runOnlyForDeploymentPostprocessing = 0;
		};
/* End PBXResourcesBuildPhase section */

/* Begin PBXSourcesBuildPhase section */
		C034EB6A243F6C9400DAD038 /* Sources */ = {
			isa = PBXSourcesBuildPhase;
			buildActionMask = 2147483647;
			files = (
				C034EB86243F71C800DAD038 /* FileWriter.swift in Sources */,
				C034EB76243F6C9400DAD038 /* ViewController.swift in Sources */,
				C034EB72243F6C9400DAD038 /* AppDelegate.swift in Sources */,
			);
			runOnlyForDeploymentPostprocessing = 0;
		};
/* End PBXSourcesBuildPhase section */

/* Begin PBXVariantGroup section */
		C034EB77243F6C9400DAD038 /* Main.storyboard */ = {
			isa = PBXVariantGroup;
			children = (
				C034EB78243F6C9400DAD038 /* Base */,
			);
			name = Main.storyboard;
			sourceTree = "<group>";
		};
		C034EB7C243F6C9700DAD038 /* LaunchScreen.storyboard */ = {
			isa = PBXVariantGroup;
			children = (
				C034EB7D243F6C9700DAD038 /* Base */,
			);
			name = LaunchScreen.storyboard;
			sourceTree = "<group>";
		};
/* End PBXVariantGroup section */

/* Begin XCBuildConfiguration section */
		C034EB80243F6C9700DAD038 /* Debug */ = {
			isa = XCBuildConfiguration;
			buildSettings = {
				ALWAYS_SEARCH_USER_PATHS = NO;
				CLANG_ANALYZER_NONNULL = YES;
				CLANG_ANALYZER_NUMBER_OBJECT_CONVERSION = YES_AGGRESSIVE;
				CLANG_CXX_LANGUAGE_STANDARD = "gnu++14";
				CLANG_CXX_LIBRARY = "libc++";
				CLANG_ENABLE_MODULES = YES;
				CLANG_ENABLE_OBJC_ARC = YES;
				CLANG_ENABLE_OBJC_WEAK = YES;
				CLANG_WARN_BLOCK_CAPTURE_AUTORELEASING = YES;
				CLANG_WARN_BOOL_CONVERSION = YES;
				CLANG_WARN_COMMA = YES;
				CLANG_WARN_CONSTANT_CONVERSION = YES;
				CLANG_WARN_DEPRECATED_OBJC_IMPLEMENTATIONS = YES;
				CLANG_WARN_DIRECT_OBJC_ISA_USAGE = YES_ERROR;
				CLANG_WARN_DOCUMENTATION_COMMENTS = YES;
				CLANG_WARN_EMPTY_BODY = YES;
				CLANG_WARN_ENUM_CONVERSION = YES;
				CLANG_WARN_INFINITE_RECURSION = YES;
				CLANG_WARN_INT_CONVERSION = YES;
				CLANG_WARN_NON_LITERAL_NULL_CONVERSION = YES;
				CLANG_WARN_OBJC_IMPLICIT_RETAIN_SELF = YES;
				CLANG_WARN_OBJC_LITERAL_CONVERSION = YES;
				CLANG_WARN_OBJC_ROOT_CLASS = YES_ERROR;
				CLANG_WARN_RANGE_LOOP_ANALYSIS = YES;
				CLANG_WARN_STRICT_PROTOTYPES = YES;
				CLANG_WARN_SUSPICIOUS_MOVE = YES;
				CLANG_WARN_UNGUARDED_AVAILABILITY = YES_AGGRESSIVE;
				CLANG_WARN_UNREACHABLE_CODE = YES;
				CLANG_WARN__DUPLICATE_METHOD_MATCH = YES;
				COPY_PHASE_STRIP = NO;
				DEBUG_INFORMATION_FORMAT = dwarf;
				ENABLE_STRICT_OBJC_MSGSEND = YES;
				ENABLE_TESTABILITY = YES;
				GCC_C_LANGUAGE_STANDARD = gnu11;
				GCC_DYNAMIC_NO_PIC = NO;
				GCC_NO_COMMON_BLOCKS = YES;
				GCC_OPTIMIZATION_LEVEL = 0;
				GCC_PREPROCESSOR_DEFINITIONS = (
					"DEBUG=1",
					"$(inherited)",
				);
				GCC_WARN_64_TO_32_BIT_CONVERSION = YES;
				GCC_WARN_ABOUT_RETURN_TYPE = YES_ERROR;
				GCC_WARN_UNDECLARED_SELECTOR = YES;
				GCC_WARN_UNINITIALIZED_AUTOS = YES_AGGRESSIVE;
				GCC_WARN_UNUSED_FUNCTION = YES;
				GCC_WARN_UNUSED_VARIABLE = YES;
				IPHONEOS_DEPLOYMENT_TARGET = 13.4;
				MTL_ENABLE_DEBUG_INFO = INCLUDE_SOURCE;
				MTL_FAST_MATH = YES;
				ONLY_ACTIVE_ARCH = YES;
				SDKROOT = iphoneos;
				SWIFT_ACTIVE_COMPILATION_CONDITIONS = DEBUG;
				SWIFT_OPTIMIZATION_LEVEL = "-Onone";
			};
			name = Debug;
		};
		C034EB81243F6C9700DAD038 /* Release */ = {
			isa = XCBuildConfiguration;
			buildSettings = {
				ALWAYS_SEARCH_USER_PATHS = NO;
				CLANG_ANALYZER_NONNULL = YES;
				CLANG_ANALYZER_NUMBER_OBJECT_CONVERSION = YES_AGGRESSIVE;
				CLANG_CXX_LANGUAGE_STANDARD = "gnu++14";
				CLANG_CXX_LIBRARY = "libc++";
				CLANG_ENABLE_MODULES = YES;
				CLANG_ENABLE_OBJC_ARC = YES;
				CLANG_ENABLE_OBJC_WEAK = YES;
				CLANG_WARN_BLOCK_CAPTURE_AUTORELEASING = YES;
				CLANG_WARN_BOOL_CONVERSION = YES;
				CLANG_WARN_COMMA = YES;
				CLANG_WARN_CONSTANT_CONVERSION = YES;
				CLANG_WARN_DEPRECATED_OBJC_IMPLEMENTATIONS = YES;
				CLANG_WARN_DIRECT_OBJC_ISA_USAGE = YES_ERROR;
				CLANG_WARN_DOCUMENTATION_COMMENTS = YES;
				CLANG_WARN_EMPTY_BODY = YES;
				CLANG_WARN_ENUM_CONVERSION = YES;
				CLANG_WARN_INFINITE_RECURSION = YES;
				CLANG_WARN_INT_CONVERSION = YES;
				CLANG_WARN_NON_LITERAL_NULL_CONVERSION = YES;
				CLANG_WARN_OBJC_IMPLICIT_RETAIN_SELF = YES;
				CLANG_WARN_OBJC_LITERAL_CONVERSION = YES;
				CLANG_WARN_OBJC_ROOT_CLASS = YES_ERROR;
				CLANG_WARN_RANGE_LOOP_ANALYSIS = YES;
				CLANG_WARN_STRICT_PROTOTYPES = YES;
				CLANG_WARN_SUSPICIOUS_MOVE = YES;
				CLANG_WARN_UNGUARDED_AVAILABILITY = YES_AGGRESSIVE;
				CLANG_WARN_UNREACHABLE_CODE = YES;
				CLANG_WARN__DUPLICATE_METHOD_MATCH = YES;
				COPY_PHASE_STRIP = NO;
				DEBUG_INFORMATION_FORMAT = "dwarf-with-dsym";
				ENABLE_NS_ASSERTIONS = NO;
				ENABLE_STRICT_OBJC_MSGSEND = YES;
				GCC_C_LANGUAGE_STANDARD = gnu11;
				GCC_NO_COMMON_BLOCKS = YES;
				GCC_WARN_64_TO_32_BIT_CONVERSION = YES;
				GCC_WARN_ABOUT_RETURN_TYPE = YES_ERROR;
				GCC_WARN_UNDECLARED_SELECTOR = YES;
				GCC_WARN_UNINITIALIZED_AUTOS = YES_AGGRESSIVE;
				GCC_WARN_UNUSED_FUNCTION = YES;
				GCC_WARN_UNUSED_VARIABLE = YES;
				IPHONEOS_DEPLOYMENT_TARGET = 13.4;
				MTL_ENABLE_DEBUG_INFO = NO;
				MTL_FAST_MATH = YES;
				SDKROOT = iphoneos;
				SWIFT_COMPILATION_MODE = wholemodule;
				SWIFT_OPTIMIZATION_LEVEL = "-O";
				VALIDATE_PRODUCT = YES;
			};
			name = Release;
		};
		C034EB83243F6C9700DAD038 /* Debug */ = {
			isa = XCBuildConfiguration;
			buildSettings = {
				ASSETCATALOG_COMPILER_APPICON_NAME = AppIcon;
				CODE_SIGN_STYLE = Automatic;
				DEVELOPMENT_TEAM = 5UGDG4B2MG;
				INFOPLIST_FILE = LocationBackgroundRefresh/Info.plist;
				IPHONEOS_DEPLOYMENT_TARGET = 10.0;
				LD_RUNPATH_SEARCH_PATHS = (
					"$(inherited)",
					"@executable_path/Frameworks",
				);
				PRODUCT_BUNDLE_IDENTIFIER = com.prakhar.LocationBackgroundRefresh;
				PRODUCT_NAME = "$(TARGET_NAME)";
				SWIFT_VERSION = 5.0;
				TARGETED_DEVICE_FAMILY = "1,2";
			};
			name = Debug;
		};
		C034EB84243F6C9700DAD038 /* Release */ = {
			isa = XCBuildConfiguration;
			buildSettings = {
				ASSETCATALOG_COMPILER_APPICON_NAME = AppIcon;
				CODE_SIGN_STYLE = Automatic;
				DEVELOPMENT_TEAM = 5UGDG4B2MG;
				INFOPLIST_FILE = LocationBackgroundRefresh/Info.plist;
				IPHONEOS_DEPLOYMENT_TARGET = 10.0;
				LD_RUNPATH_SEARCH_PATHS = (
					"$(inherited)",
					"@executable_path/Frameworks",
				);
				PRODUCT_BUNDLE_IDENTIFIER = com.prakhar.LocationBackgroundRefresh;
				PRODUCT_NAME = "$(TARGET_NAME)";
				SWIFT_VERSION = 5.0;
				TARGETED_DEVICE_FAMILY = "1,2";
			};
			name = Release;
		};
/* End XCBuildConfiguration section */

/* Begin XCConfigurationList section */
		C034EB69243F6C9400DAD038 /* Build configuration list for PBXProject "LocationBackgroundRefresh" */ = {
			isa = XCConfigurationList;
			buildConfigurations = (
				C034EB80243F6C9700DAD038 /* Debug */,
				C034EB81243F6C9700DAD038 /* Release */,
			);
			defaultConfigurationIsVisible = 0;
			defaultConfigurationName = Release;
		};
		C034EB82243F6C9700DAD038 /* Build configuration list for PBXNativeTarget "LocationBackgroundRefresh" */ = {
			isa = XCConfigurationList;
			buildConfigurations = (
				C034EB83243F6C9700DAD038 /* Debug */,
				C034EB84243F6C9700DAD038 /* Release */,
			);
			defaultConfigurationIsVisible = 0;
			defaultConfigurationName = Release;
		};
/* End XCConfigurationList section */
	};
	rootObject = C034EB66243F6C9400DAD038 /* Project object */;
}
